
Microsoft Visual Studio Solution File, Format Version 12.00
# Visual Studio Version 17
VisualStudioVersion = 17.0.31903.59
MinimumVisualStudioVersion = 10.0.40219.1
Project("{FAE04EC0-301F-11D3-BF4B-00C04F79EFBC}") = "GameCompletionistApp.Api", "src\GameCompletionistApp.Api\GameCompletionistApp.Api.csproj", "{289974A0-D4BE-4438-8F8C-48E66D2313B7}"
EndProject
Project("{00D1A9C2-B5F0-4AF3-8072-F6C62B433612}") = "GameCompletionistApp.Database", "src\GameCompletionistApp.Database\GameCompletionistApp.Database.sqlproj", "{5F3F991C-F43D-4E6C-8B0B-D87AF37748CF}"
EndProject
Global
	GlobalSection(SolutionConfigurationPlatforms) = preSolution
		Debug|Any CPU = Debug|Any CPU
		Release|Any CPU = Release|Any CPU
	EndGlobalSection
	GlobalSection(ProjectConfigurationPlatforms) = postSolution
		{289974A0-D4BE-4438-8F8C-48E66D2313B7}.Debug|Any CPU.ActiveCfg = Debug|Any CPU
		{289974A0-D4BE-4438-8F8C-48E66D2313B7}.Debug|Any CPU.Build.0 = Debug|Any CPU
		{289974A0-D4BE-4438-8F8C-48E66D2313B7}.Release|Any CPU.ActiveCfg = Release|Any CPU
		{289974A0-D4BE-4438-8F8C-48E66D2313B7}.Release|Any CPU.Build.0 = Release|Any CPU
		{5F3F991C-F43D-4E6C-8B0B-D87AF37748CF}.Debug|Any CPU.ActiveCfg = Debug|Any CPU
		{5F3F991C-F43D-4E6C-8B0B-D87AF37748CF}.Debug|Any CPU.Build.0 = Debug|Any CPU
		{5F3F991C-F43D-4E6C-8B0B-D87AF37748CF}.Debug|Any CPU.Deploy.0 = Debug|Any CPU
		{5F3F991C-F43D-4E6C-8B0B-D87AF37748CF}.Release|Any CPU.ActiveCfg = Release|Any CPU
		{5F3F991C-F43D-4E6C-8B0B-D87AF37748CF}.Release|Any CPU.Build.0 = Release|Any CPU
		{5F3F991C-F43D-4E6C-8B0B-D87AF37748CF}.Release|Any CPU.Deploy.0 = Release|Any CPU
	EndGlobalSection
	GlobalSection(SolutionProperties) = preSolution
		HideSolutionNode = FALSE
	EndGlobalSection
EndGlobal
